{
  "version": 4,
  "terraform_version": "1.0.4",
  "serial": 58,
  "lineage": "3d08f28c-0c05-add0-b843-b798debf1152",
  "outputs": {},
  "resources": [
    {
      "mode": "data",
      "type": "vsphere_datacenter",
      "name": "dc",
      "provider": "provider[\"registry.terraform.io/hashicorp/vsphere\"]",
      "instances": [
        {
          "schema_version": 0,
          "attributes": {
            "id": "datacenter-3",
            "name": "StMarysRoad"
          },
          "sensitive_attributes": []
        }
      ]
    },
    {
      "module": "module.fah_appliance",
      "mode": "data",
      "type": "vsphere_datacenter",
      "name": "dc",
      "provider": "provider[\"registry.terraform.io/hashicorp/vsphere\"]",
      "instances": [
        {
          "schema_version": 0,
          "attributes": {
            "id": "datacenter-3",
            "name": "StMarysRoad"
          },
          "sensitive_attributes": []
        }
      ]
    },
    {
      "module": "module.fah_appliance",
      "mode": "data",
      "type": "vsphere_datastore",
      "name": "datastore",
      "provider": "provider[\"registry.terraform.io/hashicorp/vsphere\"]",
      "instances": [
        {
          "schema_version": 0,
          "attributes": {
            "datacenter_id": "datacenter-3",
            "id": "datastore-16",
            "name": "Gold"
          },
          "sensitive_attributes": []
        }
      ]
    },
    {
      "module": "module.fah_appliance",
      "mode": "data",
      "type": "vsphere_host",
      "name": "host",
      "provider": "provider[\"registry.terraform.io/hashicorp/vsphere\"]",
      "instances": [
        {
          "schema_version": 0,
          "attributes": {
            "datacenter_id": "datacenter-3",
            "id": "host-13",
            "name": "esx01.jk.lab",
            "resource_pool_id": "resgroup-9"
          },
          "sensitive_attributes": []
        }
      ]
    },
    {
      "module": "module.fah_appliance",
      "mode": "data",
      "type": "vsphere_network",
      "name": "network",
      "provider": "provider[\"registry.terraform.io/hashicorp/vsphere\"]",
      "instances": [
        {
          "schema_version": 0,
          "attributes": {
            "datacenter_id": "datacenter-3",
            "distributed_virtual_switch_uuid": null,
            "id": "network-20",
            "name": "VM Network",
            "type": "Network"
          },
          "sensitive_attributes": []
        }
      ]
    },
    {
      "module": "module.fah_appliance",
      "mode": "managed",
      "type": "vsphere_virtual_machine",
      "name": "vm",
      "provider": "provider[\"registry.terraform.io/hashicorp/vsphere\"]",
      "instances": [
        {
          "index_key": 0,
          "schema_version": 3,
          "attributes": {
            "alternate_guest_name": "",
            "annotation": "Version: 1.0.5\nVMware FaH Team: 52737",
            "boot_delay": 0,
            "boot_retry_delay": 10000,
            "boot_retry_enabled": false,
            "cdrom": [],
            "change_version": "2021-08-12T10:26:40.75929Z",
            "clone": [],
            "cpu_hot_add_enabled": false,
            "cpu_hot_remove_enabled": false,
            "cpu_limit": -1,
            "cpu_performance_counters_enabled": false,
            "cpu_reservation": 0,
            "cpu_share_count": 2000,
            "cpu_share_level": "normal",
            "custom_attributes": {},
            "datacenter_id": "datacenter-3",
            "datastore_cluster_id": null,
            "datastore_id": "datastore-16",
            "default_ip_address": null,
            "disk": [
              {
                "attach": false,
                "controller_type": "scsi",
                "datastore_id": "datastore-16",
                "device_address": "scsi:0:0",
                "disk_mode": "persistent",
                "disk_sharing": "sharingNone",
                "eagerly_scrub": false,
                "io_limit": -1,
                "io_reservation": 0,
                "io_share_count": 1000,
                "io_share_level": "normal",
                "keep_on_remove": false,
                "key": 2000,
                "label": "disk0",
                "path": "FAH0/FAH0.vmdk",
                "size": 4,
                "storage_policy_id": "",
                "thin_provisioned": true,
                "unit_number": 0,
                "uuid": "6000C29a-2ab1-b92a-508f-f4c31945b0bd",
                "write_through": false
              }
            ],
            "efi_secure_boot_enabled": false,
            "enable_disk_uuid": false,
            "enable_logging": false,
            "ept_rvi_mode": "automatic",
            "extra_config": {},
            "firmware": "bios",
            "folder": "FAH",
            "force_power_off": true,
            "guest_id": "otherGuest64",
            "guest_ip_addresses": [],
            "hardware_version": 11,
            "host_system_id": "host-13",
            "hv_mode": "hvAuto",
            "id": "423791c9-18cf-48f8-cbb6-d214f4b41d4a",
            "ide_controller_count": 2,
            "ignored_guest_ips": null,
            "imported": null,
            "latency_sensitivity": "normal",
            "memory": 4096,
            "memory_hot_add_enabled": false,
            "memory_limit": -1,
            "memory_reservation": 0,
            "memory_share_count": 40960,
            "memory_share_level": "normal",
            "migrate_wait_timeout": 30,
            "moid": "vm-74",
            "name": "FAH0",
            "nested_hv_enabled": false,
            "network_interface": [],
            "num_cores_per_socket": 1,
            "num_cpus": 2,
            "ovf_deploy": [
              {
                "allow_unverified_ssl_cert": false,
                "deployment_option": "",
                "disk_provisioning": "thin",
                "enable_hidden_properties": false,
                "ip_allocation_policy": "",
                "ip_protocol": "",
                "local_ovf_path": "/Users/w20kilja/Downloads/VMware-Appliance-FaH_1.0.5.ova",
                "ovf_network_map": {
                  "VM Network": "network-20"
                },
                "remote_ovf_url": ""
              }
            ],
            "pci_device_id": [],
            "poweron_timeout": 300,
            "reboot_required": false,
            "replace_trigger": null,
            "resource_pool_id": "resgroup-72",
            "run_tools_scripts_after_power_on": true,
            "run_tools_scripts_after_resume": true,
            "run_tools_scripts_before_guest_reboot": false,
            "run_tools_scripts_before_guest_shutdown": true,
            "run_tools_scripts_before_guest_standby": true,
            "sata_controller_count": 0,
            "scsi_bus_sharing": "noSharing",
            "scsi_controller_count": 1,
            "scsi_type": "pvscsi",
            "shutdown_wait_timeout": 3,
            "storage_policy_id": "",
            "swap_placement_policy": "inherit",
            "sync_time_with_host": false,
            "sync_time_with_host_periodically": false,
            "tags": [],
            "uuid": "423791c9-18cf-48f8-cbb6-d214f4b41d4a",
            "vapp": [
              {
                "properties": {
                  "guestinfo.enable_ssh": "True",
                  "guestinfo.fah_mode": "full",
                  "guestinfo.hostname": "FAH0"
                }
              }
            ],
            "vapp_transport": [
              "com.vmware.guestInfo"
            ],
            "vbs_enabled": false,
            "vmware_tools_status": "guestToolsNotRunning",
            "vmx_path": "FAH0/FAH0.vmx",
            "vvtd_enabled": false,
            "wait_for_guest_ip_timeout": 0,
            "wait_for_guest_net_routable": true,
            "wait_for_guest_net_timeout": 0
          },
          "sensitive_attributes": [],
          "private": "eyJzY2hlbWFfdmVyc2lvbiI6IjMifQ==",
          "dependencies": [
            "module.fah_appliance.data.vsphere_datacenter.dc",
            "module.fah_appliance.data.vsphere_datastore.datastore",
            "module.fah_appliance.data.vsphere_host.host",
            "module.fah_appliance.data.vsphere_network.network",
            "module.folder.vsphere_folder.folder",
            "module.resource_pool.vsphere_resource_pool.resource_pool"
          ]
        },
        {
          "index_key": 1,
          "schema_version": 3,
          "attributes": {
            "alternate_guest_name": "",
            "annotation": "Version: 1.0.5\nVMware FaH Team: 52737",
            "boot_delay": 0,
            "boot_retry_delay": 10000,
            "boot_retry_enabled": false,
            "cdrom": [],
            "change_version": "2021-08-12T10:26:40.759253Z",
            "clone": [],
            "cpu_hot_add_enabled": false,
            "cpu_hot_remove_enabled": false,
            "cpu_limit": -1,
            "cpu_performance_counters_enabled": false,
            "cpu_reservation": 0,
            "cpu_share_count": 2000,
            "cpu_share_level": "normal",
            "custom_attributes": {},
            "datacenter_id": "datacenter-3",
            "datastore_cluster_id": null,
            "datastore_id": "datastore-16",
            "default_ip_address": null,
            "disk": [
              {
                "attach": false,
                "controller_type": "scsi",
                "datastore_id": "datastore-16",
                "device_address": "scsi:0:0",
                "disk_mode": "persistent",
                "disk_sharing": "sharingNone",
                "eagerly_scrub": false,
                "io_limit": -1,
                "io_reservation": 0,
                "io_share_count": 1000,
                "io_share_level": "normal",
                "keep_on_remove": false,
                "key": 2000,
                "label": "disk0",
                "path": "FAH1/FAH1.vmdk",
                "size": 4,
                "storage_policy_id": "",
                "thin_provisioned": true,
                "unit_number": 0,
                "uuid": "6000C29f-1d77-7c94-2ea4-b20e3b4cfac1",
                "write_through": false
              }
            ],
            "efi_secure_boot_enabled": false,
            "enable_disk_uuid": false,
            "enable_logging": false,
            "ept_rvi_mode": "automatic",
            "extra_config": {},
            "firmware": "bios",
            "folder": "FAH",
            "force_power_off": true,
            "guest_id": "otherGuest64",
            "guest_ip_addresses": [],
            "hardware_version": 11,
            "host_system_id": "host-13",
            "hv_mode": "hvAuto",
            "id": "42378c07-c808-879f-45d6-fdb30213c1df",
            "ide_controller_count": 2,
            "ignored_guest_ips": null,
            "imported": null,
            "latency_sensitivity": "normal",
            "memory": 4096,
            "memory_hot_add_enabled": false,
            "memory_limit": -1,
            "memory_reservation": 0,
            "memory_share_count": 40960,
            "memory_share_level": "normal",
            "migrate_wait_timeout": 30,
            "moid": "vm-75",
            "name": "FAH1",
            "nested_hv_enabled": false,
            "network_interface": [],
            "num_cores_per_socket": 1,
            "num_cpus": 2,
            "ovf_deploy": [
              {
                "allow_unverified_ssl_cert": false,
                "deployment_option": "",
                "disk_provisioning": "thin",
                "enable_hidden_properties": false,
                "ip_allocation_policy": "",
                "ip_protocol": "",
                "local_ovf_path": "/Users/w20kilja/Downloads/VMware-Appliance-FaH_1.0.5.ova",
                "ovf_network_map": {
                  "VM Network": "network-20"
                },
                "remote_ovf_url": ""
              }
            ],
            "pci_device_id": [],
            "poweron_timeout": 300,
            "reboot_required": false,
            "replace_trigger": null,
            "resource_pool_id": "resgroup-72",
            "run_tools_scripts_after_power_on": true,
            "run_tools_scripts_after_resume": true,
            "run_tools_scripts_before_guest_reboot": false,
            "run_tools_scripts_before_guest_shutdown": true,
            "run_tools_scripts_before_guest_standby": true,
            "sata_controller_count": 0,
            "scsi_bus_sharing": "noSharing",
            "scsi_controller_count": 1,
            "scsi_type": "pvscsi",
            "shutdown_wait_timeout": 3,
            "storage_policy_id": "",
            "swap_placement_policy": "inherit",
            "sync_time_with_host": false,
            "sync_time_with_host_periodically": false,
            "tags": [],
            "uuid": "42378c07-c808-879f-45d6-fdb30213c1df",
            "vapp": [
              {
                "properties": {
                  "guestinfo.enable_ssh": "True",
                  "guestinfo.fah_mode": "full",
                  "guestinfo.hostname": "FAH1"
                }
              }
            ],
            "vapp_transport": [
              "com.vmware.guestInfo"
            ],
            "vbs_enabled": false,
            "vmware_tools_status": "guestToolsNotRunning",
            "vmx_path": "FAH1/FAH1.vmx",
            "vvtd_enabled": false,
            "wait_for_guest_ip_timeout": 0,
            "wait_for_guest_net_routable": true,
            "wait_for_guest_net_timeout": 0
          },
          "sensitive_attributes": [],
          "private": "eyJzY2hlbWFfdmVyc2lvbiI6IjMifQ==",
          "dependencies": [
            "module.fah_appliance.data.vsphere_datacenter.dc",
            "module.fah_appliance.data.vsphere_datastore.datastore",
            "module.fah_appliance.data.vsphere_host.host",
            "module.fah_appliance.data.vsphere_network.network",
            "module.folder.vsphere_folder.folder",
            "module.resource_pool.vsphere_resource_pool.resource_pool"
          ]
        }
      ]
    },
    {
      "module": "module.folder",
      "mode": "managed",
      "type": "vsphere_folder",
      "name": "folder",
      "provider": "provider[\"registry.terraform.io/hashicorp/vsphere\"]",
      "instances": [
        {
          "schema_version": 1,
          "attributes": {
            "custom_attributes": {},
            "datacenter_id": "datacenter-3",
            "id": "group-v73",
            "path": "FAH",
            "tags": [],
            "type": "vm"
          },
          "sensitive_attributes": [],
          "private": "eyJzY2hlbWFfdmVyc2lvbiI6IjEifQ==",
          "dependencies": [
            "data.vsphere_datacenter.dc"
          ]
        }
      ]
    },
    {
      "module": "module.resource_pool",
      "mode": "data",
      "type": "vsphere_compute_cluster",
      "name": "compute_cluster",
      "provider": "provider[\"registry.terraform.io/hashicorp/vsphere\"]",
      "instances": [
        {
          "schema_version": 0,
          "attributes": {
            "datacenter_id": "datacenter-3",
            "id": "domain-c8",
            "name": "LAB",
            "resource_pool_id": "resgroup-9"
          },
          "sensitive_attributes": []
        }
      ]
    },
    {
      "module": "module.resource_pool",
      "mode": "managed",
      "type": "vsphere_resource_pool",
      "name": "resource_pool",
      "provider": "provider[\"registry.terraform.io/hashicorp/vsphere\"]",
      "instances": [
        {
          "schema_version": 0,
          "attributes": {
            "cpu_expandable": true,
            "cpu_limit": -1,
            "cpu_reservation": 0,
            "cpu_share_level": "normal",
            "cpu_shares": 4000,
            "custom_attributes": null,
            "id": "resgroup-72",
            "memory_expandable": true,
            "memory_limit": -1,
            "memory_reservation": 0,
            "memory_share_level": "normal",
            "memory_shares": 163840,
            "name": "FAH",
            "parent_resource_pool_id": "resgroup-9",
            "tags": []
          },
          "sensitive_attributes": [],
          "private": "bnVsbA==",
          "dependencies": [
            "data.vsphere_datacenter.dc",
            "module.resource_pool.data.vsphere_compute_cluster.compute_cluster"
          ]
        }
      ]
    }
  ]
}
